Microsoft Visual Studio Solution File, Format Version 12.00
# Visual Studio Version 17
VisualStudioVersion = 17.0.31903.59
MinimumVisualStudioVersion = 10.0.40219.1
Project("{FAE04EC0-301F-11D3-BF4B-00C04F79EFBC}") = "Physics2D.Core", "Physics2D.Core\Physics2D.Core.csproj", "{5F0D6A8A-90BB-4F75-93B7-3272E5142F8E}"
EndProject
Project("{FAE04EC0-301F-11D3-BF4B-00C04F79EFBC}") = "Physics2D.DemoConsole", "Physics2D.DemoConsole\Physics2D.DemoConsole.csproj", "{A1B9CA76-D338-4FEF-AACD-5A7B5EEAB6CD}"
EndProject
Global
	GlobalSection(SolutionConfigurationPlatforms) = preSolution
		Debug|Any CPU = Debug|Any CPU
		Release|Any CPU = Release|Any CPU
	EndGlobalSection
	GlobalSection(ProjectConfigurationPlatforms) = postSolution
		{5F0D6A8A-90BB-4F75-93B7-3272E5142F8E}.Debug|Any CPU.ActiveCfg = Debug|Any CPU
		{5F0D6A8A-90BB-4F75-93B7-3272E5142F8E}.Debug|Any CPU.Build.0 = Debug|Any CPU
		{5F0D6A8A-90BB-4F75-93B7-3272E5142F8E}.Release|Any CPU.ActiveCfg = Release|Any CPU
		{5F0D6A8A-90BB-4F75-93B7-3272E5142F8E}.Release|Any CPU.Build.0 = Release|Any CPU
		{A1B9CA76-D338-4FEF-AACD-5A7B5EEAB6CD}.Debug|Any CPU.ActiveCfg = Debug|Any CPU
		{A1B9CA76-D338-4FEF-AACD-5A7B5EEAB6CD}.Debug|Any CPU.Build.0 = Debug|Any CPU
		{A1B9CA76-D338-4FEF-AACD-5A7B5EEAB6CD}.Release|Any CPU.ActiveCfg = Release|Any CPU
		{A1B9CA76-D338-4FEF-AACD-5A7B5EEAB6CD}.Release|Any CPU.Build.0 = Release|Any CPU
	EndGlobalSection
	GlobalSection(SolutionProperties) = preSolution
		HideSolutionNode = FALSE
	EndGlobalSection
EndGlobal
