Microsoft Visual Studio Solution File, Format Version 12.00
# Visual Studio Version 17
VisualStudioVersion = 17.0.31903.59
MinimumVisualStudioVersion = 10.0.40219.1
Project("{FAE04EC0-301F-11D3-BF4B-00C04F79EFBC}") = "Physics2D.Core", "Physics2D.Core\Physics2D.Core.csproj", "{64A92C0E-01B2-4402-9B58-41D60D8B5F12}"
EndProject
Project("{FAE04EC0-301F-11D3-BF4B-00C04F79EFBC}") = "Physics2D.DemoConsole", "Physics2D.Core\DemoConsole\Physics2D.DemoConsole.csproj", "{239CF5EB-6D98-4A53-8FAD-C2AFE8E6E33F}"
EndProject
Global
	GlobalSection(SolutionConfigurationPlatforms) = preSolution
		Debug|Any CPU = Debug|Any CPU
		Release|Any CPU = Release|Any CPU
	EndGlobalSection
	GlobalSection(ProjectConfigurationPlatforms) = postSolution
		{64A92C0E-01B2-4402-9B58-41D60D8B5F12}.Debug|Any CPU.ActiveCfg = Debug|Any CPU
		{64A92C0E-01B2-4402-9B58-41D60D8B5F12}.Debug|Any CPU.Build.0 = Debug|Any CPU
		{64A92C0E-01B2-4402-9B58-41D60D8B5F12}.Release|Any CPU.ActiveCfg = Release|Any CPU
		{64A92C0E-01B2-4402-9B58-41D60D8B5F12}.Release|Any CPU.Build.0 = Release|Any CPU
		{239CF5EB-6D98-4A53-8FAD-C2AFE8E6E33F}.Debug|Any CPU.ActiveCfg = Debug|Any CPU
		{239CF5EB-6D98-4A53-8FAD-C2AFE8E6E33F}.Debug|Any CPU.Build.0 = Debug|Any CPU
		{239CF5EB-6D98-4A53-8FAD-C2AFE8E6E33F}.Release|Any CPU.ActiveCfg = Release|Any CPU
		{239CF5EB-6D98-4A53-8FAD-C2AFE8E6E33F}.Release|Any CPU.Build.0 = Release|Any CPU
	EndGlobalSection
	GlobalSection(SolutionProperties) = preSolution
		HideSolutionNode = FALSE
	EndGlobalSection
EndGlobal
